// !$*UTF8*$!
{
	archiveVersion = 1;
	classes = {
	};
	objectVersion = 46;
	objects = {

/* Begin PBXBuildFile section */
		4B5FAC6B19F636ED001342B7 /* weightLineChart.html in Resources */ = {isa = PBXBuildFile; fileRef = 4B5FAC6A19F636ED001342B7 /* weightLineChart.html */; };
		4BD4683319F775380076E6D7 /* Default-568h@2x.png in Resources */ = {isa = PBXBuildFile; fileRef = 4BD4683219F775380076E6D7 /* Default-568h@2x.png */; };
		4BD4686719F7A3730076E6D7 /* fatLineChart.html in Resources */ = {isa = PBXBuildFile; fileRef = 4BD4686619F7A3730076E6D7 /* fatLineChart.html */; };
		4BD4686919F7A75F0076E6D7 /* bmiLineChart.html in Resources */ = {isa = PBXBuildFile; fileRef = 4BD4686819F7A75F0076E6D7 /* bmiLineChart.html */; };
		4BF7EA5919F10B0F002A8B0E /* main.m in Sources */ = {isa = PBXBuildFile; fileRef = 4BF7EA5819F10B0F002A8B0E /* main.m */; };
		4BF7EA5C19F10B0F002A8B0E /* AppDelegate.m in Sources */ = {isa = PBXBuildFile; fileRef = 4BF7EA5B19F10B0F002A8B0E /* AppDelegate.m */; };
		4BF7EA5F19F10B0F002A8B0E /* ViewController.m in Sources */ = {isa = PBXBuildFile; fileRef = 4BF7EA5E19F10B0F002A8B0E /* ViewController.m */; };
		4BF7EA6219F10B0F002A8B0E /* Main.storyboard in Resources */ = {isa = PBXBuildFile; fileRef = 4BF7EA6019F10B0F002A8B0E /* Main.storyboard */; };
		4BF7EA6419F10B0F002A8B0E /* Images.xcassets in Resources */ = {isa = PBXBuildFile; fileRef = 4BF7EA6319F10B0F002A8B0E /* Images.xcassets */; };
		4BF7EA6719F10B0F002A8B0E /* LaunchScreen.xib in Resources */ = {isa = PBXBuildFile; fileRef = 4BF7EA6519F10B0F002A8B0E /* LaunchScreen.xib */; };
		4BF7EA7319F10B0F002A8B0E /* ios_highchartsTests.m in Sources */ = {isa = PBXBuildFile; fileRef = 4BF7EA7219F10B0F002A8B0E /* ios_highchartsTests.m */; };
		4BF7EA7E19F10B5F002A8B0E /* graph.html in Resources */ = {isa = PBXBuildFile; fileRef = 4BF7EA7C19F10B5F002A8B0E /* graph.html */; };
		4BF7EA7F19F10B5F002A8B0E /* TemplateIcon2x.png in Resources */ = {isa = PBXBuildFile; fileRef = 4BF7EA7D19F10B5F002A8B0E /* TemplateIcon2x.png */; };
/* End PBXBuildFile section */

/* Begin PBXContainerItemProxy section */
		4BF7EA6D19F10B0F002A8B0E /* PBXContainerItemProxy */ = {
			isa = PBXContainerItemProxy;
			containerPortal = 4BF7EA4B19F10B0E002A8B0E /* Project object */;
			proxyType = 1;
			remoteGlobalIDString = 4BF7EA5219F10B0F002A8B0E;
			remoteInfo = "ios-hightcharts";
		};
/* End PBXContainerItemProxy section */

/* Begin PBXFileReference section */
		4B5FAC6A19F636ED001342B7 /* weightLineChart.html */ = {isa = PBXFileReference; fileEncoding = 4; lastKnownFileType = text.html; path = weightLineChart.html; sourceTree = "<group>"; };
		4BD4683219F775380076E6D7 /* Default-568h@2x.png */ = {isa = PBXFileReference; lastKnownFileType = image.png; path = "Default-568h@2x.png"; sourceTree = "<group>"; };
		4BD4686619F7A3730076E6D7 /* fatLineChart.html */ = {isa = PBXFileReference; fileEncoding = 4; lastKnownFileType = text.html; path = fatLineChart.html; sourceTree = "<group>"; };
		4BD4686819F7A75F0076E6D7 /* bmiLineChart.html */ = {isa = PBXFileReference; fileEncoding = 4; lastKnownFileType = text.html; path = bmiLineChart.html; sourceTree = "<group>"; };
		4BF7EA5319F10B0F002A8B0E /* ios-highcharts.app */ = {isa = PBXFileReference; explicitFileType = wrapper.application; includeInIndex = 0; path = "ios-highcharts.app"; sourceTree = BUILT_PRODUCTS_DIR; };
		4BF7EA5719F10B0F002A8B0E /* Info.plist */ = {isa = PBXFileReference; lastKnownFileType = text.plist.xml; path = Info.plist; sourceTree = "<group>"; };
		4BF7EA5819F10B0F002A8B0E /* main.m */ = {isa = PBXFileReference; lastKnownFileType = sourcecode.c.objc; path = main.m; sourceTree = "<group>"; };
		4BF7EA5A19F10B0F002A8B0E /* AppDelegate.h */ = {isa = PBXFileReference; lastKnownFileType = sourcecode.c.h; path = AppDelegate.h; sourceTree = "<group>"; };
		4BF7EA5B19F10B0F002A8B0E /* AppDelegate.m */ = {isa = PBXFileReference; lastKnownFileType = sourcecode.c.objc; path = AppDelegate.m; sourceTree = "<group>"; };
		4BF7EA5D19F10B0F002A8B0E /* ViewController.h */ = {isa = PBXFileReference; lastKnownFileType = sourcecode.c.h; path = ViewController.h; sourceTree = "<group>"; };
		4BF7EA5E19F10B0F002A8B0E /* ViewController.m */ = {isa = PBXFileReference; lastKnownFileType = sourcecode.c.objc; path = ViewController.m; sourceTree = "<group>"; };
		4BF7EA6119F10B0F002A8B0E /* Base */ = {isa = PBXFileReference; lastKnownFileType = file.storyboard; name = Base; path = Base.lproj/Main.storyboard; sourceTree = "<group>"; };
		4BF7EA6319F10B0F002A8B0E /* Images.xcassets */ = {isa = PBXFileReference; lastKnownFileType = folder.assetcatalog; path = Images.xcassets; sourceTree = "<group>"; };
		4BF7EA6619F10B0F002A8B0E /* Base */ = {isa = PBXFileReference; lastKnownFileType = file.xib; name = Base; path = Base.lproj/LaunchScreen.xib; sourceTree = "<group>"; };
		4BF7EA6C19F10B0F002A8B0E /* ios-highchartsTests.xctest */ = {isa = PBXFileReference; explicitFileType = wrapper.cfbundle; includeInIndex = 0; path = "ios-highchartsTests.xctest"; sourceTree = BUILT_PRODUCTS_DIR; };
		4BF7EA7119F10B0F002A8B0E /* Info.plist */ = {isa = PBXFileReference; lastKnownFileType = text.plist.xml; path = Info.plist; sourceTree = "<group>"; };
		4BF7EA7219F10B0F002A8B0E /* ios_highchartsTests.m */ = {isa = PBXFileReference; lastKnownFileType = sourcecode.c.objc; path = ios_highchartsTests.m; sourceTree = "<group>"; };
		4BF7EA7C19F10B5F002A8B0E /* graph.html */ = {isa = PBXFileReference; fileEncoding = 4; lastKnownFileType = text.html; path = graph.html; sourceTree = "<group>"; };
		4BF7EA7D19F10B5F002A8B0E /* TemplateIcon2x.png */ = {isa = PBXFileReference; lastKnownFileType = image.png; path = TemplateIcon2x.png; sourceTree = "<group>"; };
/* End PBXFileReference section */

/* Begin PBXFrameworksBuildPhase section */
		4BF7EA5019F10B0F002A8B0E /* Frameworks */ = {
			isa = PBXFrameworksBuildPhase;
			buildActionMask = 2147483647;
			files = (
			);
			runOnlyForDeploymentPostprocessing = 0;
		};
		4BF7EA6919F10B0F002A8B0E /* Frameworks */ = {
			isa = PBXFrameworksBuildPhase;
			buildActionMask = 2147483647;
			files = (
			);
			runOnlyForDeploymentPostprocessing = 0;
		};
/* End PBXFrameworksBuildPhase section */

/* Begin PBXGroup section */
		4BF7EA4A19F10B0E002A8B0E = {
			isa = PBXGroup;
			children = (
				4BD4683219F775380076E6D7 /* Default-568h@2x.png */,
				4BF7EA5519F10B0F002A8B0E /* ios-highcharts */,
				4BF7EA6F19F10B0F002A8B0E /* ios-highchartsTests */,
				4BF7EA5419F10B0F002A8B0E /* Products */,
			);
			sourceTree = "<group>";
		};
		4BF7EA5419F10B0F002A8B0E /* Products */ = {
			isa = PBXGroup;
			children = (
				4BF7EA5319F10B0F002A8B0E /* ios-highcharts.app */,
				4BF7EA6C19F10B0F002A8B0E /* ios-highchartsTests.xctest */,
			);
			name = Products;
			sourceTree = "<group>";
		};
		4BF7EA5519F10B0F002A8B0E /* ios-highcharts */ = {
			isa = PBXGroup;
			children = (
				4BF7EA5A19F10B0F002A8B0E /* AppDelegate.h */,
				4BF7EA5B19F10B0F002A8B0E /* AppDelegate.m */,
				4BF7EA5D19F10B0F002A8B0E /* ViewController.h */,
				4BF7EA5E19F10B0F002A8B0E /* ViewController.m */,
				4BF7EA6019F10B0F002A8B0E /* Main.storyboard */,
				4BF7EA6319F10B0F002A8B0E /* Images.xcassets */,
				4BF7EA6519F10B0F002A8B0E /* LaunchScreen.xib */,
				4BF7EA5619F10B0F002A8B0E /* Supporting Files */,
				4BF7EA7C19F10B5F002A8B0E /* graph.html */,
				4B5FAC6A19F636ED001342B7 /* weightLineChart.html */,
				4BD4686619F7A3730076E6D7 /* fatLineChart.html */,
				4BD4686819F7A75F0076E6D7 /* bmiLineChart.html */,
				4BF7EA7D19F10B5F002A8B0E /* TemplateIcon2x.png */,
			);
			path = "ios-highcharts";
			sourceTree = "<group>";
		};
		4BF7EA5619F10B0F002A8B0E /* Supporting Files */ = {
			isa = PBXGroup;
			children = (
				4BF7EA5719F10B0F002A8B0E /* Info.plist */,
				4BF7EA5819F10B0F002A8B0E /* main.m */,
			);
			name = "Supporting Files";
			sourceTree = "<group>";
		};
		4BF7EA6F19F10B0F002A8B0E /* ios-highchartsTests */ = {
			isa = PBXGroup;
			children = (
				4BF7EA7219F10B0F002A8B0E /* ios_highchartsTests.m */,
				4BF7EA7019F10B0F002A8B0E /* Supporting Files */,
			);
			path = "ios-highchartsTests";
			sourceTree = "<group>";
		};
		4BF7EA7019F10B0F002A8B0E /* Supporting Files */ = {
			isa = PBXGroup;
			children = (
				4BF7EA7119F10B0F002A8B0E /* Info.plist */,
			);
			name = "Supporting Files";
			sourceTree = "<group>";
		};
/* End PBXGroup section */

/* Begin PBXNativeTarget section */
		4BF7EA5219F10B0F002A8B0E /* ios-highcharts */ = {
			isa = PBXNativeTarget;
			buildConfigurationList = 4BF7EA7619F10B0F002A8B0E /* Build configuration list for PBXNativeTarget "ios-highcharts" */;
			buildPhases = (
				4BF7EA4F19F10B0F002A8B0E /* Sources */,
				4BF7EA5019F10B0F002A8B0E /* Frameworks */,
				4BF7EA5119F10B0F002A8B0E /* Resources */,
			);
			buildRules = (
			);
			dependencies = (
			);
			name = "ios-highcharts";
			productName = "ios-hightcharts";
			productReference = 4BF7EA5319F10B0F002A8B0E /* ios-highcharts.app */;
			productType = "com.apple.product-type.application";
		};
		4BF7EA6B19F10B0F002A8B0E /* ios-highchartsTests */ = {
			isa = PBXNativeTarget;
			buildConfigurationList = 4BF7EA7919F10B0F002A8B0E /* Build configuration list for PBXNativeTarget "ios-highchartsTests" */;
			buildPhases = (
				4BF7EA6819F10B0F002A8B0E /* Sources */,
				4BF7EA6919F10B0F002A8B0E /* Frameworks */,
				4BF7EA6A19F10B0F002A8B0E /* Resources */,
			);
			buildRules = (
			);
			dependencies = (
				4BF7EA6E19F10B0F002A8B0E /* PBXTargetDependency */,
			);
			name = "ios-highchartsTests";
			productName = "ios-hightchartsTests";
			productReference = 4BF7EA6C19F10B0F002A8B0E /* ios-highchartsTests.xctest */;
			productType = "com.apple.product-type.bundle.unit-test";
		};
/* End PBXNativeTarget section */

/* Begin PBXProject section */
		4BF7EA4B19F10B0E002A8B0E /* Project object */ = {
			isa = PBXProject;
			attributes = {
				LastUpgradeCheck = 0600;
				ORGANIZATIONNAME = tnaototo;
				TargetAttributes = {
					4BF7EA5219F10B0F002A8B0E = {
						CreatedOnToolsVersion = 6.0.1;
					};
					4BF7EA6B19F10B0F002A8B0E = {
						CreatedOnToolsVersion = 6.0.1;
						TestTargetID = 4BF7EA5219F10B0F002A8B0E;
					};
				};
			};
			buildConfigurationList = 4BF7EA4E19F10B0E002A8B0E /* Build configuration list for PBXProject "ios-highcharts" */;
			compatibilityVersion = "Xcode 3.2";
			developmentRegion = English;
			hasScannedForEncodings = 0;
			knownRegions = (
				en,
				Base,
			);
			mainGroup = 4BF7EA4A19F10B0E002A8B0E;
			productRefGroup = 4BF7EA5419F10B0F002A8B0E /* Products */;
			projectDirPath = "";
			projectRoot = "";
			targets = (
				4BF7EA5219F10B0F002A8B0E /* ios-highcharts */,
				4BF7EA6B19F10B0F002A8B0E /* ios-highchartsTests */,
			);
		};
/* End PBXProject section */

/* Begin PBXResourcesBuildPhase section */
		4BF7EA5119F10B0F002A8B0E /* Resources */ = {
			isa = PBXResourcesBuildPhase;
			buildActionMask = 2147483647;
			files = (
				4BF7EA7F19F10B5F002A8B0E /* TemplateIcon2x.png in Resources */,
				4BD4686719F7A3730076E6D7 /* fatLineChart.html in Resources */,
				4BF7EA6219F10B0F002A8B0E /* Main.storyboard in Resources */,
				4BF7EA6719F10B0F002A8B0E /* LaunchScreen.xib in Resources */,
				4BF7EA6419F10B0F002A8B0E /* Images.xcassets in Resources */,
				4BF7EA7E19F10B5F002A8B0E /* graph.html in Resources */,
				4BD4686919F7A75F0076E6D7 /* bmiLineChart.html in Resources */,
				4BD4683319F775380076E6D7 /* Default-568h@2x.png in Resources */,
				4B5FAC6B19F636ED001342B7 /* weightLineChart.html in Resources */,
			);
			runOnlyForDeploymentPostprocessing = 0;
		};
		4BF7EA6A19F10B0F002A8B0E /* Resources */ = {
			isa = PBXResourcesBuildPhase;
			buildActionMask = 2147483647;
			files = (
			);
			runOnlyForDeploymentPostprocessing = 0;
		};
/* End PBXResourcesBuildPhase section */

/* Begin PBXSourcesBuildPhase section */
		4BF7EA4F19F10B0F002A8B0E /* Sources */ = {
			isa = PBXSourcesBuildPhase;
			buildActionMask = 2147483647;
			files = (
				4BF7EA5F19F10B0F002A8B0E /* ViewController.m in Sources */,
				4BF7EA5C19F10B0F002A8B0E /* AppDelegate.m in Sources */,
				4BF7EA5919F10B0F002A8B0E /* main.m in Sources */,
			);
			runOnlyForDeploymentPostprocessing = 0;
		};
		4BF7EA6819F10B0F002A8B0E /* Sources */ = {
			isa = PBXSourcesBuildPhase;
			buildActionMask = 2147483647;
			files = (
				4BF7EA7319F10B0F002A8B0E /* ios_highchartsTests.m in Sources */,
			);
			runOnlyForDeploymentPostprocessing = 0;
		};
/* End PBXSourcesBuildPhase section */

/* Begin PBXTargetDependency section */
		4BF7EA6E19F10B0F002A8B0E /* PBXTargetDependency */ = {
			isa = PBXTargetDependency;
			target = 4BF7EA5219F10B0F002A8B0E /* ios-highcharts */;
			targetProxy = 4BF7EA6D19F10B0F002A8B0E /* PBXContainerItemProxy */;
		};
/* End PBXTargetDependency section */

/* Begin PBXVariantGroup section */
		4BF7EA6019F10B0F002A8B0E /* Main.storyboard */ = {
			isa = PBXVariantGroup;
			children = (
				4BF7EA6119F10B0F002A8B0E /* Base */,
			);
			name = Main.storyboard;
			sourceTree = "<group>";
		};
		4BF7EA6519F10B0F002A8B0E /* LaunchScreen.xib */ = {
			isa = PBXVariantGroup;
			children = (
				4BF7EA6619F10B0F002A8B0E /* Base */,
			);
			name = LaunchScreen.xib;
			sourceTree = "<group>";
		};
/* End PBXVariantGroup section */

/* Begin XCBuildConfiguration section */
		4BF7EA7419F10B0F002A8B0E /* Debug */ = {
			isa = XCBuildConfiguration;
			buildSettings = {
				ALWAYS_SEARCH_USER_PATHS = NO;
				CLANG_CXX_LANGUAGE_STANDARD = "gnu++0x";
				CLANG_CXX_LIBRARY = "libc++";
				CLANG_ENABLE_MODULES = YES;
				CLANG_ENABLE_OBJC_ARC = YES;
				CLANG_WARN_BOOL_CONVERSION = YES;
				CLANG_WARN_CONSTANT_CONVERSION = YES;
				CLANG_WARN_DIRECT_OBJC_ISA_USAGE = YES_ERROR;
				CLANG_WARN_EMPTY_BODY = YES;
				CLANG_WARN_ENUM_CONVERSION = YES;
				CLANG_WARN_INT_CONVERSION = YES;
				CLANG_WARN_OBJC_ROOT_CLASS = YES_ERROR;
				CLANG_WARN_UNREACHABLE_CODE = YES;
				CLANG_WARN__DUPLICATE_METHOD_MATCH = YES;
				"CODE_SIGN_IDENTITY[sdk=iphoneos*]" = "iPhone Developer";
				COPY_PHASE_STRIP = NO;
				ENABLE_STRICT_OBJC_MSGSEND = YES;
				GCC_C_LANGUAGE_STANDARD = gnu99;
				GCC_DYNAMIC_NO_PIC = NO;
				GCC_OPTIMIZATION_LEVEL = 0;
				GCC_PREPROCESSOR_DEFINITIONS = (
					"DEBUG=1",
					"$(inherited)",
				);
				GCC_SYMBOLS_PRIVATE_EXTERN = NO;
				GCC_WARN_64_TO_32_BIT_CONVERSION = YES;
				GCC_WARN_ABOUT_RETURN_TYPE = YES_ERROR;
				GCC_WARN_UNDECLARED_SELECTOR = YES;
				GCC_WARN_UNINITIALIZED_AUTOS = YES_AGGRESSIVE;
				GCC_WARN_UNUSED_FUNCTION = YES;
				GCC_WARN_UNUSED_VARIABLE = YES;
				IPHONEOS_DEPLOYMENT_TARGET = 8.0;
				MTL_ENABLE_DEBUG_INFO = YES;
				ONLY_ACTIVE_ARCH = YES;
				SDKROOT = iphoneos;
			};
			name = Debug;
		};
		4BF7EA7519F10B0F002A8B0E /* Release */ = {
			isa = XCBuildConfiguration;
			buildSettings = {
				ALWAYS_SEARCH_USER_PATHS = NO;
				CLANG_CXX_LANGUAGE_STANDARD = "gnu++0x";
				CLANG_CXX_LIBRARY = "libc++";
				CLANG_ENABLE_MODULES = YES;
				CLANG_ENABLE_OBJC_ARC = YES;
				CLANG_WARN_BOOL_CONVERSION = YES;
				CLANG_WARN_CONSTANT_CONVERSION = YES;
				CLANG_WARN_DIRECT_OBJC_ISA_USAGE = YES_ERROR;
				CLANG_WARN_EMPTY_BODY = YES;
				CLANG_WARN_ENUM_CONVERSION = YES;
				CLANG_WARN_INT_CONVERSION = YES;
				CLANG_WARN_OBJC_ROOT_CLASS = YES_ERROR;
				CLANG_WARN_UNREACHABLE_CODE = YES;
				CLANG_WARN__DUPLICATE_METHOD_MATCH = YES;
				"CODE_SIGN_IDENTITY[sdk=iphoneos*]" = "iPhone Developer";
				COPY_PHASE_STRIP = YES;
				ENABLE_NS_ASSERTIONS = NO;
				ENABLE_STRICT_OBJC_MSGSEND = YES;
				GCC_C_LANGUAGE_STANDARD = gnu99;
				GCC_WARN_64_TO_32_BIT_CONVERSION = YES;
				GCC_WARN_ABOUT_RETURN_TYPE = YES_ERROR;
				GCC_WARN_UNDECLARED_SELECTOR = YES;
				GCC_WARN_UNINITIALIZED_AUTOS = YES_AGGRESSIVE;
				GCC_WARN_UNUSED_FUNCTION = YES;
				GCC_WARN_UNUSED_VARIABLE = YES;
				IPHONEOS_DEPLOYMENT_TARGET = 8.0;
				MTL_ENABLE_DEBUG_INFO = NO;
				SDKROOT = iphoneos;
				VALIDATE_PRODUCT = YES;
			};
			name = Release;
		};
		4BF7EA7719F10B0F002A8B0E /* Debug */ = {
			isa = XCBuildConfiguration;
			buildSettings = {
				ASSETCATALOG_COMPILER_APPICON_NAME = AppIcon;
				INFOPLIST_FILE = "$(SRCROOT)/ios-highcharts/Info.plist";
				LD_RUNPATH_SEARCH_PATHS = "$(inherited) @executable_path/Frameworks";
				PRODUCT_NAME = "ios-highcharts";
			};
			name = Debug;
		};
		4BF7EA7819F10B0F002A8B0E /* Release */ = {
			isa = XCBuildConfiguration;
			buildSettings = {
				ASSETCATALOG_COMPILER_APPICON_NAME = AppIcon;
				INFOPLIST_FILE = "$(SRCROOT)/ios-highcharts/Info.plist";
				LD_RUNPATH_SEARCH_PATHS = "$(inherited) @executable_path/Frameworks";
				PRODUCT_NAME = "ios-highcharts";
			};
			name = Release;
		};
		4BF7EA7A19F10B0F002A8B0E /* Debug */ = {
			isa = XCBuildConfiguration;
			buildSettings = {
				BUNDLE_LOADER = "$(TEST_HOST)";
				FRAMEWORK_SEARCH_PATHS = (
					"$(SDKROOT)/Developer/Library/Frameworks",
					"$(inherited)",
				);
				GCC_PREPROCESSOR_DEFINITIONS = (
					"DEBUG=1",
					"$(inherited)",
				);
				INFOPLIST_FILE = "ios-highchartsTests/Info.plist";
				LD_RUNPATH_SEARCH_PATHS = "$(inherited) @executable_path/Frameworks @loader_path/Frameworks";
				PRODUCT_NAME = "ios-highchartsTests";
				TEST_HOST = "$(BUILT_PRODUCTS_DIR)/ios-highcharts.app/ios-highcharts";
			};
			name = Debug;
		};
		4BF7EA7B19F10B0F002A8B0E /* Release */ = {
			isa = XCBuildConfiguration;
			buildSettings = {
				BUNDLE_LOADER = "$(TEST_HOST)";
				FRAMEWORK_SEARCH_PATHS = (
					"$(SDKROOT)/Developer/Library/Frameworks",
					"$(inherited)",
				);
				INFOPLIST_FILE = "ios-highchartsTests/Info.plist";
				LD_RUNPATH_SEARCH_PATHS = "$(inherited) @executable_path/Frameworks @loader_path/Frameworks";
				PRODUCT_NAME = "ios-highchartsTests";
				TEST_HOST = "$(BUILT_PRODUCTS_DIR)/ios-highcharts.app/ios-highcharts";
			};
			name = Release;
		};
/* End XCBuildConfiguration section */

/* Begin XCConfigurationList section */
		4BF7EA4E19F10B0E002A8B0E /* Build configuration list for PBXProject "ios-highcharts" */ = {
			isa = XCConfigurationList;
			buildConfigurations = (
				4BF7EA7419F10B0F002A8B0E /* Debug */,
				4BF7EA7519F10B0F002A8B0E /* Release */,
			);
			defaultConfigurationIsVisible = 0;
			defaultConfigurationName = Release;
		};
		4BF7EA7619F10B0F002A8B0E /* Build configuration list for PBXNativeTarget "ios-highcharts" */ = {
			isa = XCConfigurationList;
			buildConfigurations = (
				4BF7EA7719F10B0F002A8B0E /* Debug */,
				4BF7EA7819F10B0F002A8B0E /* Release */,
			);
			defaultConfigurationIsVisible = 0;
			defaultConfigurationName = Release;
		};
		4BF7EA7919F10B0F002A8B0E /* Build configuration list for PBXNativeTarget "ios-highchartsTests" */ = {
			isa = XCConfigurationList;
			buildConfigurations = (
				4BF7EA7A19F10B0F002A8B0E /* Debug */,
				4BF7EA7B19F10B0F002A8B0E /* Release */,
			);
			defaultConfigurationIsVisible = 0;
			defaultConfigurationName = Release;
		};
/* End XCConfigurationList section */
	};
	rootObject = 4BF7EA4B19F10B0E002A8B0E /* Project object */;
}
